
Microsoft Visual Studio Solution File, Format Version 12.00
# Visual Studio Version 16
VisualStudioVersion = 16.0.32228.343
MinimumVisualStudioVersion = 10.0.40219.1
Project("{9A19103F-16F7-4668-BE54-9A1E7A4F7556}") = "ListsLibrary", "ListsLibrary\ListsLibrary.csproj", "{3E012BF8-ADC7-47AD-9EE0-02DBB42CC556}"
EndProject
Project("{9A19103F-16F7-4668-BE54-9A1E7A4F7556}") = "ListsConsole", "ListsConsole\ListsConsole.csproj", "{BB331AAA-A438-4C0A-BF3F-2F00B2BA96B2}"
EndProject
Project("{FAE04EC0-301F-11D3-BF4B-00C04F79EFBC}") = "ListsTests", "ListsTests\ListsTests.csproj", "{C6E74602-F823-4D36-BB67-91976B353565}"
EndProject
Global
	GlobalSection(SolutionConfigurationPlatforms) = preSolution
		Debug|Any CPU = Debug|Any CPU
		Release|Any CPU = Release|Any CPU
	EndGlobalSection
	GlobalSection(ProjectConfigurationPlatforms) = postSolution
		{3E012BF8-ADC7-47AD-9EE0-02DBB42CC556}.Debug|Any CPU.ActiveCfg = Debug|Any CPU
		{3E012BF8-ADC7-47AD-9EE0-02DBB42CC556}.Debug|Any CPU.Build.0 = Debug|Any CPU
		{3E012BF8-ADC7-47AD-9EE0-02DBB42CC556}.Release|Any CPU.ActiveCfg = Release|Any CPU
		{3E012BF8-ADC7-47AD-9EE0-02DBB42CC556}.Release|Any CPU.Build.0 = Release|Any CPU
		{BB331AAA-A438-4C0A-BF3F-2F00B2BA96B2}.Debug|Any CPU.ActiveCfg = Debug|Any CPU
		{BB331AAA-A438-4C0A-BF3F-2F00B2BA96B2}.Debug|Any CPU.Build.0 = Debug|Any CPU
		{BB331AAA-A438-4C0A-BF3F-2F00B2BA96B2}.Release|Any CPU.ActiveCfg = Release|Any CPU
		{BB331AAA-A438-4C0A-BF3F-2F00B2BA96B2}.Release|Any CPU.Build.0 = Release|Any CPU
		{C6E74602-F823-4D36-BB67-91976B353565}.Debug|Any CPU.ActiveCfg = Debug|Any CPU
		{C6E74602-F823-4D36-BB67-91976B353565}.Debug|Any CPU.Build.0 = Debug|Any CPU
		{C6E74602-F823-4D36-BB67-91976B353565}.Release|Any CPU.ActiveCfg = Release|Any CPU
		{C6E74602-F823-4D36-BB67-91976B353565}.Release|Any CPU.Build.0 = Release|Any CPU
	EndGlobalSection
	GlobalSection(SolutionProperties) = preSolution
		HideSolutionNode = FALSE
	EndGlobalSection
	GlobalSection(ExtensibilityGlobals) = postSolution
		SolutionGuid = {432312D5-2C0F-452A-A892-9BB69F2711EE}
	EndGlobalSection
EndGlobal
